// !$*UTF8*$!
{
	archiveVersion = 1;
	classes = {
	};
	objectVersion = 50;
	objects = {

/* Begin PBXBuildFile section */
		9726D6E2246454FE00840A04 /* MapController.swift in Sources */ = {isa = PBXBuildFile; fileRef = 9726D6E1246454FE00840A04 /* MapController.swift */; };
		9726D6E62466573400840A04 /* DungeonUIView.swift in Sources */ = {isa = PBXBuildFile; fileRef = 9726D6E52466573400840A04 /* DungeonUIView.swift */; };
		9739B512245A74B300C043B7 /* AppDelegate.swift in Sources */ = {isa = PBXBuildFile; fileRef = 9739B511245A74B300C043B7 /* AppDelegate.swift */; };
		9739B516245A74B300C043B7 /* Actions.sks in Resources */ = {isa = PBXBuildFile; fileRef = 9739B515245A74B300C043B7 /* Actions.sks */; };
		9739B51D245A74B300C043B7 /* Main.storyboard in Resources */ = {isa = PBXBuildFile; fileRef = 9739B51B245A74B300C043B7 /* Main.storyboard */; };
		9739B51F245A74B500C043B7 /* Assets.xcassets in Resources */ = {isa = PBXBuildFile; fileRef = 9739B51E245A74B500C043B7 /* Assets.xcassets */; };
		9739B522245A74B500C043B7 /* LaunchScreen.storyboard in Resources */ = {isa = PBXBuildFile; fileRef = 9739B520245A74B500C043B7 /* LaunchScreen.storyboard */; };
		975B75C92467B27A00E09936 /* BattleListView.swift in Sources */ = {isa = PBXBuildFile; fileRef = 975B75C82467B27A00E09936 /* BattleListView.swift */; };
		975B75CB2468931900E09936 /* MobModel.swift in Sources */ = {isa = PBXBuildFile; fileRef = 975B75CA2468931900E09936 /* MobModel.swift */; };
		975B75CD246894BC00E09936 /* MonsterModel.swift in Sources */ = {isa = PBXBuildFile; fileRef = 975B75CC246894BC00E09936 /* MonsterModel.swift */; };
		975B75CF246B772800E09936 /* MobFactory.swift in Sources */ = {isa = PBXBuildFile; fileRef = 975B75CE246B772800E09936 /* MobFactory.swift */; };
		975B75D3246CAEE800E09936 /* Monsters.csv in Resources */ = {isa = PBXBuildFile; fileRef = 975B75D2246CAEE800E09936 /* Monsters.csv */; };
		975B75D5246E433A00E09936 /* EncounterModel.swift in Sources */ = {isa = PBXBuildFile; fileRef = 975B75D4246E433A00E09936 /* EncounterModel.swift */; };
		975B75D7246EE8F900E09936 /* Adventure.swift in Sources */ = {isa = PBXBuildFile; fileRef = 975B75D6246EE8F900E09936 /* Adventure.swift */; };
		975B75D9246F07BF00E09936 /* crToExp.csv in Resources */ = {isa = PBXBuildFile; fileRef = 975B75D8246F07BE00E09936 /* crToExp.csv */; };
		975B75DB246F248E00E09936 /* Helper.swift in Sources */ = {isa = PBXBuildFile; fileRef = 975B75DA246F248E00E09936 /* Helper.swift */; };
		975B75DD246F929900E09936 /* Dungeon.swift in Sources */ = {isa = PBXBuildFile; fileRef = 975B75DC246F929900E09936 /* Dungeon.swift */; };
		975B75DF2470551B00E09936 /* BattleModel.swift in Sources */ = {isa = PBXBuildFile; fileRef = 975B75DE2470551B00E09936 /* BattleModel.swift */; };
		975B75E12470D78900E09936 /* BattleMobItem.swift in Sources */ = {isa = PBXBuildFile; fileRef = 975B75E02470D78900E09936 /* BattleMobItem.swift */; };
		977E0A50245CE35800AC41B1 /* MapModel.swift in Sources */ = {isa = PBXBuildFile; fileRef = 977E0A4F245CE35800AC41B1 /* MapModel.swift */; };
		977E0A52245CE36B00AC41B1 /* MapBlockModel.swift in Sources */ = {isa = PBXBuildFile; fileRef = 977E0A51245CE36B00AC41B1 /* MapBlockModel.swift */; };
		977E0A54245CE36D00AC41B1 /* MapTypes.swift in Sources */ = {isa = PBXBuildFile; fileRef = 977E0A53245CE36D00AC41B1 /* MapTypes.swift */; };
		977E0A56245CE36E00AC41B1 /* PlayerModel.swift in Sources */ = {isa = PBXBuildFile; fileRef = 977E0A55245CE36E00AC41B1 /* PlayerModel.swift */; };
		977E0A59245CE37100AC41B1 /* RoomModel.swift in Sources */ = {isa = PBXBuildFile; fileRef = 977E0A58245CE37100AC41B1 /* RoomModel.swift */; };
		977E0A5D245F91A600AC41B1 /* PartyModel.swift in Sources */ = {isa = PBXBuildFile; fileRef = 977E0A5C245F91A600AC41B1 /* PartyModel.swift */; };
		978D11C124785EED00355716 /* MapView.swift in Sources */ = {isa = PBXBuildFile; fileRef = 978D11C024785EEC00355716 /* MapView.swift */; };
		978D11C32478605700355716 /* AdventureView.swift in Sources */ = {isa = PBXBuildFile; fileRef = 978D11C22478605700355716 /* AdventureView.swift */; };
		978D11C52478613600355716 /* SceneDelegate.swift in Sources */ = {isa = PBXBuildFile; fileRef = 978D11C42478613600355716 /* SceneDelegate.swift */; };
		978D11CC24787EDA00355716 /* Global.swift in Sources */ = {isa = PBXBuildFile; fileRef = 978D11CB24787EDA00355716 /* Global.swift */; };
		97BCDC63245C759700D7C191 /* MapTileSet.swift in Sources */ = {isa = PBXBuildFile; fileRef = 97BCDC61245C759700D7C191 /* MapTileSet.swift */; };
		97BCDC64245C759700D7C191 /* MapGenRand.swift in Sources */ = {isa = PBXBuildFile; fileRef = 97BCDC62245C759700D7C191 /* MapGenRand.swift */; };
		97BCDC66245C75A800D7C191 /* DungeonScene.swift in Sources */ = {isa = PBXBuildFile; fileRef = 97BCDC65245C75A800D7C191 /* DungeonScene.swift */; };
		97BCDC68245D1A0D00D7C191 /* CGPoint+Extensions.swift in Sources */ = {isa = PBXBuildFile; fileRef = 97BCDC67245D1A0D00D7C191 /* CGPoint+Extensions.swift */; };
		97BCDC6A245D1B7B00D7C191 /* DungeonScene.sks in Resources */ = {isa = PBXBuildFile; fileRef = 97BCDC69245D1B7B00D7C191 /* DungeonScene.sks */; };
/* End PBXBuildFile section */

/* Begin PBXFileReference section */
		9726D6E1246454FE00840A04 /* MapController.swift */ = {isa = PBXFileReference; lastKnownFileType = sourcecode.swift; path = MapController.swift; sourceTree = "<group>"; };
		9726D6E52466573400840A04 /* DungeonUIView.swift */ = {isa = PBXFileReference; fileEncoding = 4; lastKnownFileType = sourcecode.swift; path = DungeonUIView.swift; sourceTree = "<group>"; };
		9739B50E245A74B300C043B7 /* DunGen.app */ = {isa = PBXFileReference; explicitFileType = wrapper.application; includeInIndex = 0; path = DunGen.app; sourceTree = BUILT_PRODUCTS_DIR; };
		9739B511245A74B300C043B7 /* AppDelegate.swift */ = {isa = PBXFileReference; lastKnownFileType = sourcecode.swift; path = AppDelegate.swift; sourceTree = "<group>"; };
		9739B515245A74B300C043B7 /* Actions.sks */ = {isa = PBXFileReference; lastKnownFileType = file.sks; path = Actions.sks; sourceTree = "<group>"; };
		9739B51C245A74B300C043B7 /* Base */ = {isa = PBXFileReference; lastKnownFileType = file.storyboard; name = Base; path = Base.lproj/Main.storyboard; sourceTree = "<group>"; };
		9739B51E245A74B500C043B7 /* Assets.xcassets */ = {isa = PBXFileReference; lastKnownFileType = folder.assetcatalog; path = Assets.xcassets; sourceTree = "<group>"; };
		9739B521245A74B500C043B7 /* Base */ = {isa = PBXFileReference; lastKnownFileType = file.storyboard; name = Base; path = Base.lproj/LaunchScreen.storyboard; sourceTree = "<group>"; };
		9739B523245A74B500C043B7 /* Info.plist */ = {isa = PBXFileReference; lastKnownFileType = text.plist.xml; path = Info.plist; sourceTree = "<group>"; };
		975B75C82467B27A00E09936 /* BattleListView.swift */ = {isa = PBXFileReference; lastKnownFileType = sourcecode.swift; path = BattleListView.swift; sourceTree = "<group>"; };
		975B75CA2468931900E09936 /* MobModel.swift */ = {isa = PBXFileReference; lastKnownFileType = sourcecode.swift; path = MobModel.swift; sourceTree = "<group>"; };
		975B75CC246894BC00E09936 /* MonsterModel.swift */ = {isa = PBXFileReference; lastKnownFileType = sourcecode.swift; path = MonsterModel.swift; sourceTree = "<group>"; };
		975B75CE246B772800E09936 /* MobFactory.swift */ = {isa = PBXFileReference; lastKnownFileType = sourcecode.swift; path = MobFactory.swift; sourceTree = "<group>"; };
		975B75D2246CAEE800E09936 /* Monsters.csv */ = {isa = PBXFileReference; fileEncoding = 4; lastKnownFileType = text; path = Monsters.csv; sourceTree = "<group>"; };
		975B75D4246E433A00E09936 /* EncounterModel.swift */ = {isa = PBXFileReference; lastKnownFileType = sourcecode.swift; path = EncounterModel.swift; sourceTree = "<group>"; };
		975B75D6246EE8F900E09936 /* Adventure.swift */ = {isa = PBXFileReference; lastKnownFileType = sourcecode.swift; path = Adventure.swift; sourceTree = "<group>"; };
		975B75D8246F07BE00E09936 /* crToExp.csv */ = {isa = PBXFileReference; fileEncoding = 4; lastKnownFileType = text; path = crToExp.csv; sourceTree = "<group>"; };
		975B75DA246F248E00E09936 /* Helper.swift */ = {isa = PBXFileReference; lastKnownFileType = sourcecode.swift; path = Helper.swift; sourceTree = "<group>"; };
		975B75DC246F929900E09936 /* Dungeon.swift */ = {isa = PBXFileReference; lastKnownFileType = sourcecode.swift; path = Dungeon.swift; sourceTree = "<group>"; };
		975B75DE2470551B00E09936 /* BattleModel.swift */ = {isa = PBXFileReference; lastKnownFileType = sourcecode.swift; path = BattleModel.swift; sourceTree = "<group>"; };
		975B75E02470D78900E09936 /* BattleMobItem.swift */ = {isa = PBXFileReference; lastKnownFileType = sourcecode.swift; path = BattleMobItem.swift; sourceTree = "<group>"; };
		977E0A4F245CE35800AC41B1 /* MapModel.swift */ = {isa = PBXFileReference; lastKnownFileType = sourcecode.swift; path = MapModel.swift; sourceTree = "<group>"; };
		977E0A51245CE36B00AC41B1 /* MapBlockModel.swift */ = {isa = PBXFileReference; lastKnownFileType = sourcecode.swift; path = MapBlockModel.swift; sourceTree = "<group>"; };
		977E0A53245CE36D00AC41B1 /* MapTypes.swift */ = {isa = PBXFileReference; lastKnownFileType = sourcecode.swift; path = MapTypes.swift; sourceTree = "<group>"; };
		977E0A55245CE36E00AC41B1 /* PlayerModel.swift */ = {isa = PBXFileReference; lastKnownFileType = sourcecode.swift; path = PlayerModel.swift; sourceTree = "<group>"; };
		977E0A58245CE37100AC41B1 /* RoomModel.swift */ = {isa = PBXFileReference; lastKnownFileType = sourcecode.swift; path = RoomModel.swift; sourceTree = "<group>"; };
		977E0A5C245F91A600AC41B1 /* PartyModel.swift */ = {isa = PBXFileReference; lastKnownFileType = sourcecode.swift; path = PartyModel.swift; sourceTree = "<group>"; };
		978D11C024785EEC00355716 /* MapView.swift */ = {isa = PBXFileReference; lastKnownFileType = sourcecode.swift; path = MapView.swift; sourceTree = "<group>"; };
		978D11C22478605700355716 /* AdventureView.swift */ = {isa = PBXFileReference; fileEncoding = 4; lastKnownFileType = sourcecode.swift; path = AdventureView.swift; sourceTree = "<group>"; };
		978D11C42478613600355716 /* SceneDelegate.swift */ = {isa = PBXFileReference; fileEncoding = 4; lastKnownFileType = sourcecode.swift; path = SceneDelegate.swift; sourceTree = "<group>"; };
		978D11CB24787EDA00355716 /* Global.swift */ = {isa = PBXFileReference; lastKnownFileType = sourcecode.swift; path = Global.swift; sourceTree = "<group>"; };
		97BCDC61245C759700D7C191 /* MapTileSet.swift */ = {isa = PBXFileReference; fileEncoding = 4; lastKnownFileType = sourcecode.swift; path = MapTileSet.swift; sourceTree = "<group>"; };
		97BCDC62245C759700D7C191 /* MapGenRand.swift */ = {isa = PBXFileReference; fileEncoding = 4; lastKnownFileType = sourcecode.swift; path = MapGenRand.swift; sourceTree = "<group>"; };
		97BCDC65245C75A800D7C191 /* DungeonScene.swift */ = {isa = PBXFileReference; fileEncoding = 4; lastKnownFileType = sourcecode.swift; path = DungeonScene.swift; sourceTree = "<group>"; };
		97BCDC67245D1A0D00D7C191 /* CGPoint+Extensions.swift */ = {isa = PBXFileReference; fileEncoding = 4; lastKnownFileType = sourcecode.swift; path = "CGPoint+Extensions.swift"; sourceTree = "<group>"; };
		97BCDC69245D1B7B00D7C191 /* DungeonScene.sks */ = {isa = PBXFileReference; lastKnownFileType = file.sks; path = DungeonScene.sks; sourceTree = "<group>"; };
/* End PBXFileReference section */

/* Begin PBXFrameworksBuildPhase section */
		9739B50B245A74B300C043B7 /* Frameworks */ = {
			isa = PBXFrameworksBuildPhase;
			buildActionMask = 2147483647;
			files = (
			);
			runOnlyForDeploymentPostprocessing = 0;
		};
/* End PBXFrameworksBuildPhase section */

/* Begin PBXGroup section */
		9739B505245A74B300C043B7 = {
			isa = PBXGroup;
			children = (
				9739B510245A74B300C043B7 /* DunGen */,
				9739B50F245A74B300C043B7 /* Products */,
			);
			sourceTree = "<group>";
		};
		9739B50F245A74B300C043B7 /* Products */ = {
			isa = PBXGroup;
			children = (
				9739B50E245A74B300C043B7 /* DunGen.app */,
			);
			name = Products;
			sourceTree = "<group>";
		};
		9739B510245A74B300C043B7 /* DunGen */ = {
			isa = PBXGroup;
			children = (
				9739B511245A74B300C043B7 /* AppDelegate.swift */,
				978D11C42478613600355716 /* SceneDelegate.swift */,
				9739B515245A74B300C043B7 /* Actions.sks */,
				978D11CB24787EDA00355716 /* Global.swift */,
				97BCDC65245C75A800D7C191 /* DungeonScene.swift */,
				97BCDC69245D1B7B00D7C191 /* DungeonScene.sks */,
				97BCDC62245C759700D7C191 /* MapGenRand.swift */,
				97BCDC61245C759700D7C191 /* MapTileSet.swift */,
				978D11C22478605700355716 /* AdventureView.swift */,
				9726D6E52466573400840A04 /* DungeonUIView.swift */,
				978D11C024785EEC00355716 /* MapView.swift */,
				975B75C82467B27A00E09936 /* BattleListView.swift */,
				975B75E02470D78900E09936 /* BattleMobItem.swift */,
				9726D6E1246454FE00840A04 /* MapController.swift */,
				977E0A5B245CE3C700AC41B1 /* Models */,
				9739B51E245A74B500C043B7 /* Assets.xcassets */,
				9739B520245A74B500C043B7 /* LaunchScreen.storyboard */,
				9739B51B245A74B300C043B7 /* Main.storyboard */,
				975B75D2246CAEE800E09936 /* Monsters.csv */,
				975B75D8246F07BE00E09936 /* crToExp.csv */,
				9739B523245A74B500C043B7 /* Info.plist */,
				97BCDC67245D1A0D00D7C191 /* CGPoint+Extensions.swift */,
			);
			path = DunGen;
			sourceTree = "<group>";
		};
		977E0A5B245CE3C700AC41B1 /* Models */ = {
			isa = PBXGroup;
			children = (
				975B75D6246EE8F900E09936 /* Adventure.swift */,
				975B75DE2470551B00E09936 /* BattleModel.swift */,
				977E0A4F245CE35800AC41B1 /* MapModel.swift */,
				975B75D4246E433A00E09936 /* EncounterModel.swift */,
				977E0A51245CE36B00AC41B1 /* MapBlockModel.swift */,
				977E0A53245CE36D00AC41B1 /* MapTypes.swift */,
				977E0A55245CE36E00AC41B1 /* PlayerModel.swift */,
				977E0A58245CE37100AC41B1 /* RoomModel.swift */,
				975B75CC246894BC00E09936 /* MonsterModel.swift */,
				975B75CE246B772800E09936 /* MobFactory.swift */,
				975B75DA246F248E00E09936 /* Helper.swift */,
				977E0A5C245F91A600AC41B1 /* PartyModel.swift */,
				975B75CA2468931900E09936 /* MobModel.swift */,
				975B75DC246F929900E09936 /* Dungeon.swift */,
			);
			path = Models;
			sourceTree = "<group>";
		};
/* End PBXGroup section */

/* Begin PBXNativeTarget section */
		9739B50D245A74B300C043B7 /* DunGen */ = {
			isa = PBXNativeTarget;
			buildConfigurationList = 9739B526245A74B500C043B7 /* Build configuration list for PBXNativeTarget "DunGen" */;
			buildPhases = (
				9739B50A245A74B300C043B7 /* Sources */,
				9739B50B245A74B300C043B7 /* Frameworks */,
				9739B50C245A74B300C043B7 /* Resources */,
			);
			buildRules = (
			);
			dependencies = (
			);
			name = DunGen;
			productName = DunGen;
			productReference = 9739B50E245A74B300C043B7 /* DunGen.app */;
			productType = "com.apple.product-type.application";
		};
/* End PBXNativeTarget section */

/* Begin PBXProject section */
		9739B506245A74B300C043B7 /* Project object */ = {
			isa = PBXProject;
			attributes = {
				LastSwiftUpdateCheck = 1140;
				LastUpgradeCheck = 1140;
				ORGANIZATIONNAME = "Richard Moe";
				TargetAttributes = {
					9739B50D245A74B300C043B7 = {
						CreatedOnToolsVersion = 11.4.1;
					};
				};
			};
			buildConfigurationList = 9739B509245A74B300C043B7 /* Build configuration list for PBXProject "DunGen" */;
			compatibilityVersion = "Xcode 9.3";
			developmentRegion = en;
			hasScannedForEncodings = 0;
			knownRegions = (
				en,
				Base,
			);
			mainGroup = 9739B505245A74B300C043B7;
			productRefGroup = 9739B50F245A74B300C043B7 /* Products */;
			projectDirPath = "";
			projectRoot = "";
			targets = (
				9739B50D245A74B300C043B7 /* DunGen */,
			);
		};
/* End PBXProject section */

/* Begin PBXResourcesBuildPhase section */
		9739B50C245A74B300C043B7 /* Resources */ = {
			isa = PBXResourcesBuildPhase;
			buildActionMask = 2147483647;
			files = (
				9739B51D245A74B300C043B7 /* Main.storyboard in Resources */,
				97BCDC6A245D1B7B00D7C191 /* DungeonScene.sks in Resources */,
				975B75D9246F07BF00E09936 /* crToExp.csv in Resources */,
				9739B51F245A74B500C043B7 /* Assets.xcassets in Resources */,
				9739B522245A74B500C043B7 /* LaunchScreen.storyboard in Resources */,
				975B75D3246CAEE800E09936 /* Monsters.csv in Resources */,
				9739B516245A74B300C043B7 /* Actions.sks in Resources */,
			);
			runOnlyForDeploymentPostprocessing = 0;
		};
/* End PBXResourcesBuildPhase section */

/* Begin PBXSourcesBuildPhase section */
		9739B50A245A74B300C043B7 /* Sources */ = {
			isa = PBXSourcesBuildPhase;
			buildActionMask = 2147483647;
			files = (
				977E0A56245CE36E00AC41B1 /* PlayerModel.swift in Sources */,
				977E0A52245CE36B00AC41B1 /* MapBlockModel.swift in Sources */,
				977E0A54245CE36D00AC41B1 /* MapTypes.swift in Sources */,
				977E0A5D245F91A600AC41B1 /* PartyModel.swift in Sources */,
				975B75E12470D78900E09936 /* BattleMobItem.swift in Sources */,
				978D11C124785EED00355716 /* MapView.swift in Sources */,
				975B75CD246894BC00E09936 /* MonsterModel.swift in Sources */,
				975B75CB2468931900E09936 /* MobModel.swift in Sources */,
				975B75CF246B772800E09936 /* MobFactory.swift in Sources */,
				977E0A59245CE37100AC41B1 /* RoomModel.swift in Sources */,
				975B75D7246EE8F900E09936 /* Adventure.swift in Sources */,
				975B75DF2470551B00E09936 /* BattleModel.swift in Sources */,
				978D11C32478605700355716 /* AdventureView.swift in Sources */,
				978D11C52478613600355716 /* SceneDelegate.swift in Sources */,
				975B75DB246F248E00E09936 /* Helper.swift in Sources */,
				9726D6E62466573400840A04 /* DungeonUIView.swift in Sources */,
				975B75D5246E433A00E09936 /* EncounterModel.swift in Sources */,
				9739B512245A74B300C043B7 /* AppDelegate.swift in Sources */,
				9726D6E2246454FE00840A04 /* MapController.swift in Sources */,
				978D11CC24787EDA00355716 /* Global.swift in Sources */,
				97BCDC64245C759700D7C191 /* MapGenRand.swift in Sources */,
				977E0A50245CE35800AC41B1 /* MapModel.swift in Sources */,
				975B75C92467B27A00E09936 /* BattleListView.swift in Sources */,
				975B75DD246F929900E09936 /* Dungeon.swift in Sources */,
				97BCDC63245C759700D7C191 /* MapTileSet.swift in Sources */,
				97BCDC68245D1A0D00D7C191 /* CGPoint+Extensions.swift in Sources */,
				97BCDC66245C75A800D7C191 /* DungeonScene.swift in Sources */,
			);
			runOnlyForDeploymentPostprocessing = 0;
		};
/* End PBXSourcesBuildPhase section */

/* Begin PBXVariantGroup section */
		9739B51B245A74B300C043B7 /* Main.storyboard */ = {
			isa = PBXVariantGroup;
			children = (
				9739B51C245A74B300C043B7 /* Base */,
			);
			name = Main.storyboard;
			sourceTree = "<group>";
		};
		9739B520245A74B500C043B7 /* LaunchScreen.storyboard */ = {
			isa = PBXVariantGroup;
			children = (
				9739B521245A74B500C043B7 /* Base */,
			);
			name = LaunchScreen.storyboard;
			sourceTree = "<group>";
		};
/* End PBXVariantGroup section */

/* Begin XCBuildConfiguration section */
		9739B524245A74B500C043B7 /* Debug */ = {
			isa = XCBuildConfiguration;
			buildSettings = {
				ALWAYS_SEARCH_USER_PATHS = NO;
				CLANG_ANALYZER_NONNULL = YES;
				CLANG_ANALYZER_NUMBER_OBJECT_CONVERSION = YES_AGGRESSIVE;
				CLANG_CXX_LANGUAGE_STANDARD = "gnu++14";
				CLANG_CXX_LIBRARY = "libc++";
				CLANG_ENABLE_MODULES = YES;
				CLANG_ENABLE_OBJC_ARC = YES;
				CLANG_ENABLE_OBJC_WEAK = YES;
				CLANG_WARN_BLOCK_CAPTURE_AUTORELEASING = YES;
				CLANG_WARN_BOOL_CONVERSION = YES;
				CLANG_WARN_COMMA = YES;
				CLANG_WARN_CONSTANT_CONVERSION = YES;
				CLANG_WARN_DEPRECATED_OBJC_IMPLEMENTATIONS = YES;
				CLANG_WARN_DIRECT_OBJC_ISA_USAGE = YES_ERROR;
				CLANG_WARN_DOCUMENTATION_COMMENTS = YES;
				CLANG_WARN_EMPTY_BODY = YES;
				CLANG_WARN_ENUM_CONVERSION = YES;
				CLANG_WARN_INFINITE_RECURSION = YES;
				CLANG_WARN_INT_CONVERSION = YES;
				CLANG_WARN_NON_LITERAL_NULL_CONVERSION = YES;
				CLANG_WARN_OBJC_IMPLICIT_RETAIN_SELF = YES;
				CLANG_WARN_OBJC_LITERAL_CONVERSION = YES;
				CLANG_WARN_OBJC_ROOT_CLASS = YES_ERROR;
				CLANG_WARN_RANGE_LOOP_ANALYSIS = YES;
				CLANG_WARN_STRICT_PROTOTYPES = YES;
				CLANG_WARN_SUSPICIOUS_MOVE = YES;
				CLANG_WARN_UNGUARDED_AVAILABILITY = YES_AGGRESSIVE;
				CLANG_WARN_UNREACHABLE_CODE = YES;
				CLANG_WARN__DUPLICATE_METHOD_MATCH = YES;
				COPY_PHASE_STRIP = NO;
				DEBUG_INFORMATION_FORMAT = dwarf;
				ENABLE_STRICT_OBJC_MSGSEND = YES;
				ENABLE_TESTABILITY = YES;
				GCC_C_LANGUAGE_STANDARD = gnu11;
				GCC_DYNAMIC_NO_PIC = NO;
				GCC_NO_COMMON_BLOCKS = YES;
				GCC_OPTIMIZATION_LEVEL = 0;
				GCC_PREPROCESSOR_DEFINITIONS = (
					"DEBUG=1",
					"$(inherited)",
				);
				GCC_WARN_64_TO_32_BIT_CONVERSION = YES;
				GCC_WARN_ABOUT_RETURN_TYPE = YES_ERROR;
				GCC_WARN_UNDECLARED_SELECTOR = YES;
				GCC_WARN_UNINITIALIZED_AUTOS = YES_AGGRESSIVE;
				GCC_WARN_UNUSED_FUNCTION = YES;
				GCC_WARN_UNUSED_VARIABLE = YES;
				IPHONEOS_DEPLOYMENT_TARGET = 13.4;
				MTL_ENABLE_DEBUG_INFO = INCLUDE_SOURCE;
				MTL_FAST_MATH = YES;
				ONLY_ACTIVE_ARCH = YES;
				SDKROOT = iphoneos;
				SWIFT_ACTIVE_COMPILATION_CONDITIONS = DEBUG;
				SWIFT_OPTIMIZATION_LEVEL = "-Onone";
			};
			name = Debug;
		};
		9739B525245A74B500C043B7 /* Release */ = {
			isa = XCBuildConfiguration;
			buildSettings = {
				ALWAYS_SEARCH_USER_PATHS = NO;
				CLANG_ANALYZER_NONNULL = YES;
				CLANG_ANALYZER_NUMBER_OBJECT_CONVERSION = YES_AGGRESSIVE;
				CLANG_CXX_LANGUAGE_STANDARD = "gnu++14";
				CLANG_CXX_LIBRARY = "libc++";
				CLANG_ENABLE_MODULES = YES;
				CLANG_ENABLE_OBJC_ARC = YES;
				CLANG_ENABLE_OBJC_WEAK = YES;
				CLANG_WARN_BLOCK_CAPTURE_AUTORELEASING = YES;
				CLANG_WARN_BOOL_CONVERSION = YES;
				CLANG_WARN_COMMA = YES;
				CLANG_WARN_CONSTANT_CONVERSION = YES;
				CLANG_WARN_DEPRECATED_OBJC_IMPLEMENTATIONS = YES;
				CLANG_WARN_DIRECT_OBJC_ISA_USAGE = YES_ERROR;
				CLANG_WARN_DOCUMENTATION_COMMENTS = YES;
				CLANG_WARN_EMPTY_BODY = YES;
				CLANG_WARN_ENUM_CONVERSION = YES;
				CLANG_WARN_INFINITE_RECURSION = YES;
				CLANG_WARN_INT_CONVERSION = YES;
				CLANG_WARN_NON_LITERAL_NULL_CONVERSION = YES;
				CLANG_WARN_OBJC_IMPLICIT_RETAIN_SELF = YES;
				CLANG_WARN_OBJC_LITERAL_CONVERSION = YES;
				CLANG_WARN_OBJC_ROOT_CLASS = YES_ERROR;
				CLANG_WARN_RANGE_LOOP_ANALYSIS = YES;
				CLANG_WARN_STRICT_PROTOTYPES = YES;
				CLANG_WARN_SUSPICIOUS_MOVE = YES;
				CLANG_WARN_UNGUARDED_AVAILABILITY = YES_AGGRESSIVE;
				CLANG_WARN_UNREACHABLE_CODE = YES;
				CLANG_WARN__DUPLICATE_METHOD_MATCH = YES;
				COPY_PHASE_STRIP = NO;
				DEBUG_INFORMATION_FORMAT = "dwarf-with-dsym";
				ENABLE_NS_ASSERTIONS = NO;
				ENABLE_STRICT_OBJC_MSGSEND = YES;
				GCC_C_LANGUAGE_STANDARD = gnu11;
				GCC_NO_COMMON_BLOCKS = YES;
				GCC_WARN_64_TO_32_BIT_CONVERSION = YES;
				GCC_WARN_ABOUT_RETURN_TYPE = YES_ERROR;
				GCC_WARN_UNDECLARED_SELECTOR = YES;
				GCC_WARN_UNINITIALIZED_AUTOS = YES_AGGRESSIVE;
				GCC_WARN_UNUSED_FUNCTION = YES;
				GCC_WARN_UNUSED_VARIABLE = YES;
				IPHONEOS_DEPLOYMENT_TARGET = 13.4;
				MTL_ENABLE_DEBUG_INFO = NO;
				MTL_FAST_MATH = YES;
				SDKROOT = iphoneos;
				SWIFT_COMPILATION_MODE = wholemodule;
				SWIFT_OPTIMIZATION_LEVEL = "-O";
				VALIDATE_PRODUCT = YES;
			};
			name = Release;
		};
		9739B527245A74B500C043B7 /* Debug */ = {
			isa = XCBuildConfiguration;
			buildSettings = {
				ASSETCATALOG_COMPILER_APPICON_NAME = AppIcon;
				CODE_SIGN_STYLE = Automatic;
				DEVELOPMENT_TEAM = HV362TC347;
				INFOPLIST_FILE = DunGen/Info.plist;
				LD_RUNPATH_SEARCH_PATHS = (
					"$(inherited)",
					"@executable_path/Frameworks",
				);
				PRODUCT_BUNDLE_IDENTIFIER = com.richmoe.DunGen;
				PRODUCT_NAME = "$(TARGET_NAME)";
				SWIFT_VERSION = 5.0;
				TARGETED_DEVICE_FAMILY = "1,2";
			};
			name = Debug;
		};
		9739B528245A74B500C043B7 /* Release */ = {
			isa = XCBuildConfiguration;
			buildSettings = {
				ASSETCATALOG_COMPILER_APPICON_NAME = AppIcon;
				CODE_SIGN_STYLE = Automatic;
				DEVELOPMENT_TEAM = HV362TC347;
				INFOPLIST_FILE = DunGen/Info.plist;
				LD_RUNPATH_SEARCH_PATHS = (
					"$(inherited)",
					"@executable_path/Frameworks",
				);
				PRODUCT_BUNDLE_IDENTIFIER = com.richmoe.DunGen;
				PRODUCT_NAME = "$(TARGET_NAME)";
				SWIFT_VERSION = 5.0;
				TARGETED_DEVICE_FAMILY = "1,2";
			};
			name = Release;
		};
/* End XCBuildConfiguration section */

/* Begin XCConfigurationList section */
		9739B509245A74B300C043B7 /* Build configuration list for PBXProject "DunGen" */ = {
			isa = XCConfigurationList;
			buildConfigurations = (
				9739B524245A74B500C043B7 /* Debug */,
				9739B525245A74B500C043B7 /* Release */,
			);
			defaultConfigurationIsVisible = 0;
			defaultConfigurationName = Release;
		};
		9739B526245A74B500C043B7 /* Build configuration list for PBXNativeTarget "DunGen" */ = {
			isa = XCConfigurationList;
			buildConfigurations = (
				9739B527245A74B500C043B7 /* Debug */,
				9739B528245A74B500C043B7 /* Release */,
			);
			defaultConfigurationIsVisible = 0;
			defaultConfigurationName = Release;
		};
/* End XCConfigurationList section */
	};
	rootObject = 9739B506245A74B300C043B7 /* Project object */;
}
